
Microsoft Visual Studio Solution File, Format Version 12.00
# Visual Studio 14
VisualStudioVersion = 14.0.25420.1
MinimumVisualStudioVersion = 10.0.40219.1
Project("{FAE04EC0-301F-11D3-BF4B-00C04F79EFBC}") = "ProductLibrary", "ProductLibrary\ProductLibrary.csproj", "{A9E8A32C-CE8E-46B1-B3DD-7A171537686F}"
EndProject
Global
	GlobalSection(SolutionConfigurationPlatforms) = preSolution
		Debug|Any CPU = Debug|Any CPU
		Release|Any CPU = Release|Any CPU
	EndGlobalSection
	GlobalSection(ProjectConfigurationPlatforms) = postSolution
		{A9E8A32C-CE8E-46B1-B3DD-7A171537686F}.Debug|Any CPU.ActiveCfg = Debug|Any CPU
		{A9E8A32C-CE8E-46B1-B3DD-7A171537686F}.Debug|Any CPU.Build.0 = Debug|Any CPU
		{A9E8A32C-CE8E-46B1-B3DD-7A171537686F}.Release|Any CPU.ActiveCfg = Release|Any CPU
		{A9E8A32C-CE8E-46B1-B3DD-7A171537686F}.Release|Any CPU.Build.0 = Release|Any CPU
	EndGlobalSection
	GlobalSection(SolutionProperties) = preSolution
		HideSolutionNode = FALSE
	EndGlobalSection
EndGlobal
